
Microsoft Visual Studio Solution File, Format Version 12.00
# Visual Studio 15
VisualStudioVersion = 15.0.28307.1831
MinimumVisualStudioVersion = 10.0.40219.1
Project("{FAE04EC0-301F-11D3-BF4B-00C04F79EFBC}") = "WebApplication12", "WebApplication12\WebApplication12.csproj", "{73944F87-7913-4812-8A7F-AA945A097EC5}"
EndProject
Project("{FAE04EC0-301F-11D3-BF4B-00C04F79EFBC}") = "Products.DataAccess", "Products.DataAcess\Products.DataAccess.csproj", "{194FAB99-20A2-4B0F-95D1-2721C4066FDF}"
EndProject
Global
	GlobalSection(SolutionConfigurationPlatforms) = preSolution
		Debug|Any CPU = Debug|Any CPU
		Release|Any CPU = Release|Any CPU
	EndGlobalSection
	GlobalSection(ProjectConfigurationPlatforms) = postSolution
		{73944F87-7913-4812-8A7F-AA945A097EC5}.Debug|Any CPU.ActiveCfg = Debug|Any CPU
		{73944F87-7913-4812-8A7F-AA945A097EC5}.Debug|Any CPU.Build.0 = Debug|Any CPU
		{73944F87-7913-4812-8A7F-AA945A097EC5}.Release|Any CPU.ActiveCfg = Release|Any CPU
		{73944F87-7913-4812-8A7F-AA945A097EC5}.Release|Any CPU.Build.0 = Release|Any CPU
		{194FAB99-20A2-4B0F-95D1-2721C4066FDF}.Debug|Any CPU.ActiveCfg = Debug|Any CPU
		{194FAB99-20A2-4B0F-95D1-2721C4066FDF}.Debug|Any CPU.Build.0 = Debug|Any CPU
		{194FAB99-20A2-4B0F-95D1-2721C4066FDF}.Release|Any CPU.ActiveCfg = Release|Any CPU
		{194FAB99-20A2-4B0F-95D1-2721C4066FDF}.Release|Any CPU.Build.0 = Release|Any CPU
	EndGlobalSection
	GlobalSection(SolutionProperties) = preSolution
		HideSolutionNode = FALSE
	EndGlobalSection
	GlobalSection(ExtensibilityGlobals) = postSolution
		SolutionGuid = {03E3BF5F-3017-4F65-806E-481E10EFD20B}
	EndGlobalSection
EndGlobal
